{
  "name": "CollegeThriftStore",
  "lockfileVersion": 2,
  "requires": true,
  "packages": {
    "": {
      "dependencies": {
        "dark-mode-toggle": "^0.8.0"
      }
    },
    "node_modules/dark-mode-toggle": {
      "version": "0.8.0",
      "resolved": "https://registry.npmjs.org/dark-mode-toggle/-/dark-mode-toggle-0.8.0.tgz",
      "integrity": "sha512-NB4BaNIU9XnIW3mFGGe+E8vaoLobQyEzpDN/LyqW8XnSZjyHPGQ7BvQkKYooIlwZVFyVmUFVZPyPRjKynzhjtQ=="
    }
  },
  "dependencies": {
    "dark-mode-toggle": {
      "version": "0.8.0",
      "resolved": "https://registry.npmjs.org/dark-mode-toggle/-/dark-mode-toggle-0.8.0.tgz",
      "integrity": "sha512-NB4BaNIU9XnIW3mFGGe+E8vaoLobQyEzpDN/LyqW8XnSZjyHPGQ7BvQkKYooIlwZVFyVmUFVZPyPRjKynzhjtQ=="
    }
  }
}
